{
  "lockfile_version": "1",
  "packages": {
    "maven@3.9.6": {
      "last_modified": "2024-06-12T20:55:33Z",
      "resolved": "github:NixOS/nixpkgs/a9858885e197f984d92d7fe64e9fff6b2e488d40#maven",
      "source": "devbox-search",
      "version": "3.9.6",
      "systems": {
        "aarch64-darwin": {
          "outputs": [
            {
              "name": "out",
              "path": "/nix/store/anjg4vldn49by6biv5xnhqq1mg34pbf2-apache-maven-3.9.6",
              "default": true
            }
          ],
          "store_path": "/nix/store/anjg4vldn49by6biv5xnhqq1mg34pbf2-apache-maven-3.9.6"
        },
        "aarch64-linux": {
          "outputs": [
            {
              "name": "out",
              "path": "/nix/store/x0b2lf5938xbqkmyy0dy3m5scbzhn758-apache-maven-3.9.6",
              "default": true
            }
          ],
          "store_path": "/nix/store/x0b2lf5938xbqkmyy0dy3m5scbzhn758-apache-maven-3.9.6"
        },
        "x86_64-darwin": {
          "outputs": [
            {
              "name": "out",
              "path": "/nix/store/w6crqg0hzr9ywg4nfkiqhkfy9rscq5pz-apache-maven-3.9.6",
              "default": true
            }
          ],
          "store_path": "/nix/store/w6crqg0hzr9ywg4nfkiqhkfy9rscq5pz-apache-maven-3.9.6"
        },
        "x86_64-linux": {
          "outputs": [
            {
              "name": "out",
              "path": "/nix/store/21kyz6bqsr97gjd3lc8g600zc1cksd1d-apache-maven-3.9.6",
              "default": true
            }
          ],
          "store_path": "/nix/store/21kyz6bqsr97gjd3lc8g600zc1cksd1d-apache-maven-3.9.6"
        }
      }
    },
    "temurin-bin@21.0.1": {
      "last_modified": "2024-06-12T20:55:33Z",
      "resolved": "github:NixOS/nixpkgs/a9858885e197f984d92d7fe64e9fff6b2e488d40#temurin-bin",
      "source": "devbox-search",
      "version": "21.0.1",
      "systems": {
        "aarch64-darwin": {
          "outputs": [
            {
              "name": "out",
              "path": "/nix/store/kx7xaz7kcz1rygshs1ngcgsjg65kcyzm-temurin-bin-21.0.1",
              "default": true
            }
          ],
          "store_path": "/nix/store/kx7xaz7kcz1rygshs1ngcgsjg65kcyzm-temurin-bin-21.0.1"
        },
        "aarch64-linux": {
          "outputs": [
            {
              "name": "out",
              "path": "/nix/store/brh8hhgc99b8icif8y1vf53xpirvabis-temurin-bin-21.0.1",
              "default": true
            }
          ],
          "store_path": "/nix/store/brh8hhgc99b8icif8y1vf53xpirvabis-temurin-bin-21.0.1"
        },
        "x86_64-darwin": {
          "outputs": [
            {
              "name": "out",
              "path": "/nix/store/qv3jkyhgna9y9fav4cv000nskch1lyzd-temurin-bin-21.0.1",
              "default": true
            }
          ],
          "store_path": "/nix/store/qv3jkyhgna9y9fav4cv000nskch1lyzd-temurin-bin-21.0.1"
        },
        "x86_64-linux": {
          "outputs": [
            {
              "name": "out",
              "path": "/nix/store/r62kd5ndkydfc3jmpzfqd105zwibd7n4-temurin-bin-21.0.1",
              "default": true
            }
          ],
          "store_path": "/nix/store/r62kd5ndkydfc3jmpzfqd105zwibd7n4-temurin-bin-21.0.1"
        }
      }
    }
  }
}
